
Microsoft Visual Studio Solution File, Format Version 12.00
# Visual Studio Version 17
VisualStudioVersion = 17.5.33516.290
MinimumVisualStudioVersion = 10.0.40219.1
Project("{FAE04EC0-301F-11D3-BF4B-00C04F79EFBC}") = "Bicistock", "Bicistock\Bicistock.csproj", "{01660CB6-9893-46DA-86A2-9A2F71CBBCF5}"
EndProject
Project("{FAE04EC0-301F-11D3-BF4B-00C04F79EFBC}") = "Bicistock.Data", "Bicistock.Data\Bicistock.Data.csproj", "{B62F3A42-5DE5-4F25-A6AD-376B5C8CC6DA}"
EndProject
Project("{FAE04EC0-301F-11D3-BF4B-00C04F79EFBC}") = "Bicistock.Domain", "Bicistock.Domain\Bicistock.Domain.csproj", "{B1073A4D-B7C2-4DB1-BDF3-CCC6ACD40596}"
EndProject
Project("{FAE04EC0-301F-11D3-BF4B-00C04F79EFBC}") = "Bicistock.Common", "Bicistock.Common\Bicistock.Common.csproj", "{040974C6-6049-4B4C-B0E3-90622D91318A}"
EndProject
Project("{FAE04EC0-301F-11D3-BF4B-00C04F79EFBC}") = "Logger", "Logger\Logger.csproj", "{458DEF4A-A774-48A4-B689-30133F4F0A1D}"
EndProject
Global
	GlobalSection(SolutionConfigurationPlatforms) = preSolution
		Debug|Any CPU = Debug|Any CPU
		Release|Any CPU = Release|Any CPU
	EndGlobalSection
	GlobalSection(ProjectConfigurationPlatforms) = postSolution
		{01660CB6-9893-46DA-86A2-9A2F71CBBCF5}.Debug|Any CPU.ActiveCfg = Debug|Any CPU
		{01660CB6-9893-46DA-86A2-9A2F71CBBCF5}.Debug|Any CPU.Build.0 = Debug|Any CPU
		{01660CB6-9893-46DA-86A2-9A2F71CBBCF5}.Release|Any CPU.ActiveCfg = Release|Any CPU
		{01660CB6-9893-46DA-86A2-9A2F71CBBCF5}.Release|Any CPU.Build.0 = Release|Any CPU
		{B62F3A42-5DE5-4F25-A6AD-376B5C8CC6DA}.Debug|Any CPU.ActiveCfg = Debug|Any CPU
		{B62F3A42-5DE5-4F25-A6AD-376B5C8CC6DA}.Debug|Any CPU.Build.0 = Debug|Any CPU
		{B62F3A42-5DE5-4F25-A6AD-376B5C8CC6DA}.Release|Any CPU.ActiveCfg = Release|Any CPU
		{B62F3A42-5DE5-4F25-A6AD-376B5C8CC6DA}.Release|Any CPU.Build.0 = Release|Any CPU
		{B1073A4D-B7C2-4DB1-BDF3-CCC6ACD40596}.Debug|Any CPU.ActiveCfg = Debug|Any CPU
		{B1073A4D-B7C2-4DB1-BDF3-CCC6ACD40596}.Debug|Any CPU.Build.0 = Debug|Any CPU
		{B1073A4D-B7C2-4DB1-BDF3-CCC6ACD40596}.Release|Any CPU.ActiveCfg = Release|Any CPU
		{B1073A4D-B7C2-4DB1-BDF3-CCC6ACD40596}.Release|Any CPU.Build.0 = Release|Any CPU
		{040974C6-6049-4B4C-B0E3-90622D91318A}.Debug|Any CPU.ActiveCfg = Debug|Any CPU
		{040974C6-6049-4B4C-B0E3-90622D91318A}.Debug|Any CPU.Build.0 = Debug|Any CPU
		{040974C6-6049-4B4C-B0E3-90622D91318A}.Release|Any CPU.ActiveCfg = Release|Any CPU
		{040974C6-6049-4B4C-B0E3-90622D91318A}.Release|Any CPU.Build.0 = Release|Any CPU
		{458DEF4A-A774-48A4-B689-30133F4F0A1D}.Debug|Any CPU.ActiveCfg = Debug|Any CPU
		{458DEF4A-A774-48A4-B689-30133F4F0A1D}.Debug|Any CPU.Build.0 = Debug|Any CPU
		{458DEF4A-A774-48A4-B689-30133F4F0A1D}.Release|Any CPU.ActiveCfg = Release|Any CPU
		{458DEF4A-A774-48A4-B689-30133F4F0A1D}.Release|Any CPU.Build.0 = Release|Any CPU
	EndGlobalSection
	GlobalSection(SolutionProperties) = preSolution
		HideSolutionNode = FALSE
	EndGlobalSection
	GlobalSection(ExtensibilityGlobals) = postSolution
		SolutionGuid = {C8E0574F-B897-412C-965B-A24EB2E3F549}
	EndGlobalSection
EndGlobal
